
Microsoft Visual Studio Solution File, Format Version 11.00
# Visual Studio 2010
Project("{FAE04EC0-301F-11D3-BF4B-00C04F79EFBC}") = "TestUIThread", "TestUIThread\TestUIThread.csproj", "{81FCB30E-B930-46DF-95DA-3A44170389F8}"
EndProject
Global
	GlobalSection(SolutionConfigurationPlatforms) = preSolution
		Debug|x86 = Debug|x86
		Release|x86 = Release|x86
	EndGlobalSection
	GlobalSection(ProjectConfigurationPlatforms) = postSolution
		{81FCB30E-B930-46DF-95DA-3A44170389F8}.Debug|x86.ActiveCfg = Debug|x86
		{81FCB30E-B930-46DF-95DA-3A44170389F8}.Debug|x86.Build.0 = Debug|x86
		{81FCB30E-B930-46DF-95DA-3A44170389F8}.Release|x86.ActiveCfg = Release|x86
		{81FCB30E-B930-46DF-95DA-3A44170389F8}.Release|x86.Build.0 = Release|x86
	EndGlobalSection
	GlobalSection(SolutionProperties) = preSolution
		HideSolutionNode = FALSE
	EndGlobalSection
EndGlobal
